{
  "nodes": {
    "meta-sifive": {
      "flake": false,
      "locked": {
        "lastModified": 1683275312,
        "narHash": "sha256-kz5iimSbvAJBzmt1YMDHmbRisMBiZZz2eztkaUx7dSw=",
        "owner": "sifive",
        "repo": "meta-sifive",
        "rev": "c76b32132347c4ee67fdd77926e3900ec57c0daf",
        "type": "github"
      },
      "original": {
        "owner": "sifive",
        "ref": "master",
        "repo": "meta-sifive",
        "type": "github"
      }
    },
    "nixpkgs": {
      "locked": {
        "lastModified": 1684124768,
        "narHash": "sha256-+kEy9v3SYHSJ3YgGy8q4pvhA7eLdncy1hHWjPHoyUAQ=",
        "owner": "NickCao",
        "repo": "nixpkgs",
        "rev": "995ea1439a49659d0205c10c86f2df9dea7b06bb",
        "type": "github"
      },
      "original": {
        "owner": "NickCao",
        "ref": "riscv",
        "repo": "nixpkgs",
        "type": "github"
      }
    },
    "root": {
      "inputs": {
        "meta-sifive": "meta-sifive",
        "nixpkgs": "nixpkgs",
        "starfive-tools": "starfive-tools"
      }
    },
    "starfive-tools": {
      "flake": false,
      "locked": {
        "lastModified": 1674126575,
        "narHash": "sha256-dKRHFWLJrXIEpsuXOO3zpiIplPFG5ghVLYR8GvBat8M=",
        "owner": "NickCao",
        "repo": "starfive-tools",
        "rev": "7038f61fcd684fc60d2abc4fd95909782480c66b",
        "type": "github"
      },
      "original": {
        "owner": "NickCao",
        "repo": "starfive-tools",
        "type": "github"
      }
    }
  },
  "root": "root",
  "version": 7
}
